
Microsoft Visual Studio Solution File, Format Version 12.00
# Visual Studio 2012
Project("{8BC9CEB8-8B4A-11D0-8D11-00A0C91BC942}") = "等级显示", "等级显示\等级显示.vcxproj", "{701276AC-344E-4934-8497-8A38E8863B02}"
EndProject
Global
	GlobalSection(SolutionConfigurationPlatforms) = preSolution
		Debug|Win32 = Debug|Win32
		Release|Win32 = Release|Win32
	EndGlobalSection
	GlobalSection(ProjectConfigurationPlatforms) = postSolution
		{701276AC-344E-4934-8497-8A38E8863B02}.Debug|Win32.ActiveCfg = Debug|Win32
		{701276AC-344E-4934-8497-8A38E8863B02}.Debug|Win32.Build.0 = Debug|Win32
		{701276AC-344E-4934-8497-8A38E8863B02}.Release|Win32.ActiveCfg = Release|Win32
		{701276AC-344E-4934-8497-8A38E8863B02}.Release|Win32.Build.0 = Release|Win32
	EndGlobalSection
	GlobalSection(SolutionProperties) = preSolution
		HideSolutionNode = FALSE
	EndGlobalSection
EndGlobal
